// !$*UTF8*$!
{
	archiveVersion = 1;
	classes = {
	};
	objectVersion = 46;
	objects = {

/* Begin PBXBuildFile section */
		A7444E271EEE29F200C99BB0 /* AppDelegate.swift in Sources */ = {isa = PBXBuildFile; fileRef = A7444E261EEE29F200C99BB0 /* AppDelegate.swift */; };
		A7444E291EEE29F200C99BB0 /* ViewController.swift in Sources */ = {isa = PBXBuildFile; fileRef = A7444E281EEE29F200C99BB0 /* ViewController.swift */; };
		A7444E2C1EEE29F200C99BB0 /* Main.storyboard in Resources */ = {isa = PBXBuildFile; fileRef = A7444E2A1EEE29F200C99BB0 /* Main.storyboard */; };
		A7444E2E1EEE29F200C99BB0 /* Assets.xcassets in Resources */ = {isa = PBXBuildFile; fileRef = A7444E2D1EEE29F200C99BB0 /* Assets.xcassets */; };
		A7444E311EEE29F200C99BB0 /* LaunchScreen.storyboard in Resources */ = {isa = PBXBuildFile; fileRef = A7444E2F1EEE29F200C99BB0 /* LaunchScreen.storyboard */; };
/* End PBXBuildFile section */

/* Begin PBXFileReference section */
		A7444E231EEE29F200C99BB0 /* Moolah.app */ = {isa = PBXFileReference; explicitFileType = wrapper.application; includeInIndex = 0; path = Moolah.app; sourceTree = BUILT_PRODUCTS_DIR; };
		A7444E261EEE29F200C99BB0 /* AppDelegate.swift */ = {isa = PBXFileReference; lastKnownFileType = sourcecode.swift; path = AppDelegate.swift; sourceTree = "<group>"; };
		A7444E281EEE29F200C99BB0 /* ViewController.swift */ = {isa = PBXFileReference; lastKnownFileType = sourcecode.swift; path = ViewController.swift; sourceTree = "<group>"; };
		A7444E2B1EEE29F200C99BB0 /* Base */ = {isa = PBXFileReference; lastKnownFileType = file.storyboard; name = Base; path = Base.lproj/Main.storyboard; sourceTree = "<group>"; };
		A7444E2D1EEE29F200C99BB0 /* Assets.xcassets */ = {isa = PBXFileReference; lastKnownFileType = folder.assetcatalog; path = Assets.xcassets; sourceTree = "<group>"; };
		A7444E301EEE29F200C99BB0 /* Base */ = {isa = PBXFileReference; lastKnownFileType = file.storyboard; name = Base; path = Base.lproj/LaunchScreen.storyboard; sourceTree = "<group>"; };
		A7444E321EEE29F200C99BB0 /* Info.plist */ = {isa = PBXFileReference; lastKnownFileType = text.plist.xml; path = Info.plist; sourceTree = "<group>"; };
/* End PBXFileReference section */

/* Begin PBXFrameworksBuildPhase section */
		A7444E201EEE29F200C99BB0 /* Frameworks */ = {
			isa = PBXFrameworksBuildPhase;
			buildActionMask = 2147483647;
			files = (
			);
			runOnlyForDeploymentPostprocessing = 0;
		};
/* End PBXFrameworksBuildPhase section */

/* Begin PBXGroup section */
		A7444E1A1EEE29F200C99BB0 = {
			isa = PBXGroup;
			children = (
				A7444E251EEE29F200C99BB0 /* Moolah */,
				A7444E241EEE29F200C99BB0 /* Products */,
			);
			sourceTree = "<group>";
		};
		A7444E241EEE29F200C99BB0 /* Products */ = {
			isa = PBXGroup;
			children = (
				A7444E231EEE29F200C99BB0 /* Moolah.app */,
			);
			name = Products;
			sourceTree = "<group>";
		};
		A7444E251EEE29F200C99BB0 /* Moolah */ = {
			isa = PBXGroup;
			children = (
				A7444E381EEE29FF00C99BB0 /* Supporting Files */,
				A7444E281EEE29F200C99BB0 /* ViewController.swift */,
			);
			path = Moolah;
			sourceTree = "<group>";
		};
		A7444E381EEE29FF00C99BB0 /* Supporting Files */ = {
			isa = PBXGroup;
			children = (
				A7444E261EEE29F200C99BB0 /* AppDelegate.swift */,
				A7444E2A1EEE29F200C99BB0 /* Main.storyboard */,
				A7444E2F1EEE29F200C99BB0 /* LaunchScreen.storyboard */,
				A7444E2D1EEE29F200C99BB0 /* Assets.xcassets */,
				A7444E321EEE29F200C99BB0 /* Info.plist */,
			);
			name = "Supporting Files";
			sourceTree = "<group>";
		};
/* End PBXGroup section */

/* Begin PBXNativeTarget section */
		A7444E221EEE29F200C99BB0 /* Moolah */ = {
			isa = PBXNativeTarget;
			buildConfigurationList = A7444E351EEE29F200C99BB0 /* Build configuration list for PBXNativeTarget "Moolah" */;
			buildPhases = (
				A7444E1F1EEE29F200C99BB0 /* Sources */,
				A7444E201EEE29F200C99BB0 /* Frameworks */,
				A7444E211EEE29F200C99BB0 /* Resources */,
			);
			buildRules = (
			);
			dependencies = (
			);
			name = Moolah;
			productName = Moolah;
			productReference = A7444E231EEE29F200C99BB0 /* Moolah.app */;
			productType = "com.apple.product-type.application";
		};
/* End PBXNativeTarget section */

/* Begin PBXProject section */
		A7444E1B1EEE29F200C99BB0 /* Project object */ = {
			isa = PBXProject;
			attributes = {
				LastSwiftUpdateCheck = 0830;
				LastUpgradeCheck = 0830;
				ORGANIZATIONNAME = "Appr1sing Studios";
				TargetAttributes = {
					A7444E221EEE29F200C99BB0 = {
						CreatedOnToolsVersion = 8.3.2;
						DevelopmentTeam = CJ24M7DKLZ;
						ProvisioningStyle = Automatic;
					};
				};
			};
			buildConfigurationList = A7444E1E1EEE29F200C99BB0 /* Build configuration list for PBXProject "Moolah" */;
			compatibilityVersion = "Xcode 3.2";
			developmentRegion = English;
			hasScannedForEncodings = 0;
			knownRegions = (
				en,
				Base,
			);
			mainGroup = A7444E1A1EEE29F200C99BB0;
			productRefGroup = A7444E241EEE29F200C99BB0 /* Products */;
			projectDirPath = "";
			projectRoot = "";
			targets = (
				A7444E221EEE29F200C99BB0 /* Moolah */,
			);
		};
/* End PBXProject section */

/* Begin PBXResourcesBuildPhase section */
		A7444E211EEE29F200C99BB0 /* Resources */ = {
			isa = PBXResourcesBuildPhase;
			buildActionMask = 2147483647;
			files = (
				A7444E311EEE29F200C99BB0 /* LaunchScreen.storyboard in Resources */,
				A7444E2E1EEE29F200C99BB0 /* Assets.xcassets in Resources */,
				A7444E2C1EEE29F200C99BB0 /* Main.storyboard in Resources */,
			);
			runOnlyForDeploymentPostprocessing = 0;
		};
/* End PBXResourcesBuildPhase section */

/* Begin PBXSourcesBuildPhase section */
		A7444E1F1EEE29F200C99BB0 /* Sources */ = {
			isa = PBXSourcesBuildPhase;
			buildActionMask = 2147483647;
			files = (
				A7444E291EEE29F200C99BB0 /* ViewController.swift in Sources */,
				A7444E271EEE29F200C99BB0 /* AppDelegate.swift in Sources */,
			);
			runOnlyForDeploymentPostprocessing = 0;
		};
/* End PBXSourcesBuildPhase section */

/* Begin PBXVariantGroup section */
		A7444E2A1EEE29F200C99BB0 /* Main.storyboard */ = {
			isa = PBXVariantGroup;
			children = (
				A7444E2B1EEE29F200C99BB0 /* Base */,
			);
			name = Main.storyboard;
			sourceTree = "<group>";
		};
		A7444E2F1EEE29F200C99BB0 /* LaunchScreen.storyboard */ = {
			isa = PBXVariantGroup;
			children = (
				A7444E301EEE29F200C99BB0 /* Base */,
			);
			name = LaunchScreen.storyboard;
			sourceTree = "<group>";
		};
/* End PBXVariantGroup section */

/* Begin XCBuildConfiguration section */
		A7444E331EEE29F200C99BB0 /* Debug */ = {
			isa = XCBuildConfiguration;
			buildSettings = {
				ALWAYS_SEARCH_USER_PATHS = NO;
				CLANG_ANALYZER_NONNULL = YES;
				CLANG_ANALYZER_NUMBER_OBJECT_CONVERSION = YES_AGGRESSIVE;
				CLANG_CXX_LANGUAGE_STANDARD = "gnu++0x";
				CLANG_CXX_LIBRARY = "libc++";
				CLANG_ENABLE_MODULES = YES;
				CLANG_ENABLE_OBJC_ARC = YES;
				CLANG_WARN_BOOL_CONVERSION = YES;
				CLANG_WARN_CONSTANT_CONVERSION = YES;
				CLANG_WARN_DIRECT_OBJC_ISA_USAGE = YES_ERROR;
				CLANG_WARN_DOCUMENTATION_COMMENTS = YES;
				CLANG_WARN_EMPTY_BODY = YES;
				CLANG_WARN_ENUM_CONVERSION = YES;
				CLANG_WARN_INFINITE_RECURSION = YES;
				CLANG_WARN_INT_CONVERSION = YES;
				CLANG_WARN_OBJC_ROOT_CLASS = YES_ERROR;
				CLANG_WARN_SUSPICIOUS_MOVE = YES;
				CLANG_WARN_UNREACHABLE_CODE = YES;
				CLANG_WARN__DUPLICATE_METHOD_MATCH = YES;
				"CODE_SIGN_IDENTITY[sdk=iphoneos*]" = "iPhone Developer";
				COPY_PHASE_STRIP = NO;
				DEBUG_INFORMATION_FORMAT = dwarf;
				ENABLE_STRICT_OBJC_MSGSEND = YES;
				ENABLE_TESTABILITY = YES;
				GCC_C_LANGUAGE_STANDARD = gnu99;
				GCC_DYNAMIC_NO_PIC = NO;
				GCC_NO_COMMON_BLOCKS = YES;
				GCC_OPTIMIZATION_LEVEL = 0;
				GCC_PREPROCESSOR_DEFINITIONS = (
					"DEBUG=1",
					"$(inherited)",
				);
				GCC_WARN_64_TO_32_BIT_CONVERSION = YES;
				GCC_WARN_ABOUT_RETURN_TYPE = YES_ERROR;
				GCC_WARN_UNDECLARED_SELECTOR = YES;
				GCC_WARN_UNINITIALIZED_AUTOS = YES_AGGRESSIVE;
				GCC_WARN_UNUSED_FUNCTION = YES;
				GCC_WARN_UNUSED_VARIABLE = YES;
				IPHONEOS_DEPLOYMENT_TARGET = 10.3;
				MTL_ENABLE_DEBUG_INFO = YES;
				ONLY_ACTIVE_ARCH = YES;
				SDKROOT = iphoneos;
				SWIFT_ACTIVE_COMPILATION_CONDITIONS = DEBUG;
				SWIFT_OPTIMIZATION_LEVEL = "-Onone";
			};
			name = Debug;
		};
		A7444E341EEE29F200C99BB0 /* Release */ = {
			isa = XCBuildConfiguration;
			buildSettings = {
				ALWAYS_SEARCH_USER_PATHS = NO;
				CLANG_ANALYZER_NONNULL = YES;
				CLANG_ANALYZER_NUMBER_OBJECT_CONVERSION = YES_AGGRESSIVE;
				CLANG_CXX_LANGUAGE_STANDARD = "gnu++0x";
				CLANG_CXX_LIBRARY = "libc++";
				CLANG_ENABLE_MODULES = YES;
				CLANG_ENABLE_OBJC_ARC = YES;
				CLANG_WARN_BOOL_CONVERSION = YES;
				CLANG_WARN_CONSTANT_CONVERSION = YES;
				CLANG_WARN_DIRECT_OBJC_ISA_USAGE = YES_ERROR;
				CLANG_WARN_DOCUMENTATION_COMMENTS = YES;
				CLANG_WARN_EMPTY_BODY = YES;
				CLANG_WARN_ENUM_CONVERSION = YES;
				CLANG_WARN_INFINITE_RECURSION = YES;
				CLANG_WARN_INT_CONVERSION = YES;
				CLANG_WARN_OBJC_ROOT_CLASS = YES_ERROR;
				CLANG_WARN_SUSPICIOUS_MOVE = YES;
				CLANG_WARN_UNREACHABLE_CODE = YES;
				CLANG_WARN__DUPLICATE_METHOD_MATCH = YES;
				"CODE_SIGN_IDENTITY[sdk=iphoneos*]" = "iPhone Developer";
				COPY_PHASE_STRIP = NO;
				DEBUG_INFORMATION_FORMAT = "dwarf-with-dsym";
				ENABLE_NS_ASSERTIONS = NO;
				ENABLE_STRICT_OBJC_MSGSEND = YES;
				GCC_C_LANGUAGE_STANDARD = gnu99;
				GCC_NO_COMMON_BLOCKS = YES;
				GCC_WARN_64_TO_32_BIT_CONVERSION = YES;
				GCC_WARN_ABOUT_RETURN_TYPE = YES_ERROR;
				GCC_WARN_UNDECLARED_SELECTOR = YES;
				GCC_WARN_UNINITIALIZED_AUTOS = YES_AGGRESSIVE;
				GCC_WARN_UNUSED_FUNCTION = YES;
				GCC_WARN_UNUSED_VARIABLE = YES;
				IPHONEOS_DEPLOYMENT_TARGET = 10.3;
				MTL_ENABLE_DEBUG_INFO = NO;
				SDKROOT = iphoneos;
				SWIFT_OPTIMIZATION_LEVEL = "-Owholemodule";
				VALIDATE_PRODUCT = YES;
			};
			name = Release;
		};
		A7444E361EEE29F200C99BB0 /* Debug */ = {
			isa = XCBuildConfiguration;
			buildSettings = {
				ASSETCATALOG_COMPILER_APPICON_NAME = AppIcon;
				DEVELOPMENT_TEAM = CJ24M7DKLZ;
				INFOPLIST_FILE = Moolah/Info.plist;
				LD_RUNPATH_SEARCH_PATHS = "$(inherited) @executable_path/Frameworks";
				PRODUCT_BUNDLE_IDENTIFIER = com.AppRising.Moolah;
				PRODUCT_NAME = "$(TARGET_NAME)";
				SWIFT_VERSION = 3.0;
			};
			name = Debug;
		};
		A7444E371EEE29F200C99BB0 /* Release */ = {
			isa = XCBuildConfiguration;
			buildSettings = {
				ASSETCATALOG_COMPILER_APPICON_NAME = AppIcon;
				DEVELOPMENT_TEAM = CJ24M7DKLZ;
				INFOPLIST_FILE = Moolah/Info.plist;
				LD_RUNPATH_SEARCH_PATHS = "$(inherited) @executable_path/Frameworks";
				PRODUCT_BUNDLE_IDENTIFIER = com.AppRising.Moolah;
				PRODUCT_NAME = "$(TARGET_NAME)";
				SWIFT_VERSION = 3.0;
			};
			name = Release;
		};
/* End XCBuildConfiguration section */

/* Begin XCConfigurationList section */
		A7444E1E1EEE29F200C99BB0 /* Build configuration list for PBXProject "Moolah" */ = {
			isa = XCConfigurationList;
			buildConfigurations = (
				A7444E331EEE29F200C99BB0 /* Debug */,
				A7444E341EEE29F200C99BB0 /* Release */,
			);
			defaultConfigurationIsVisible = 0;
			defaultConfigurationName = Release;
		};
		A7444E351EEE29F200C99BB0 /* Build configuration list for PBXNativeTarget "Moolah" */ = {
			isa = XCConfigurationList;
			buildConfigurations = (
				A7444E361EEE29F200C99BB0 /* Debug */,
				A7444E371EEE29F200C99BB0 /* Release */,
			);
			defaultConfigurationIsVisible = 0;
		};
/* End XCConfigurationList section */
	};
	rootObject = A7444E1B1EEE29F200C99BB0 /* Project object */;
}
